
Microsoft Visual Studio Solution File, Format Version 12.00
# Visual Studio Version 17
VisualStudioVersion = 17.1.32407.343
MinimumVisualStudioVersion = 10.0.40219.1
Project("{9A19103F-16F7-4668-BE54-9A1E7A4F7556}") = "carsharing", "carsharing\carsharing.csproj", "{18FCE5F7-9AD5-4C41-A29A-B0C0C7929491}"
EndProject
Global
	GlobalSection(SolutionConfigurationPlatforms) = preSolution
		Debug|Any CPU = Debug|Any CPU
		Release|Any CPU = Release|Any CPU
	EndGlobalSection
	GlobalSection(ProjectConfigurationPlatforms) = postSolution
		{18FCE5F7-9AD5-4C41-A29A-B0C0C7929491}.Debug|Any CPU.ActiveCfg = Debug|Any CPU
		{18FCE5F7-9AD5-4C41-A29A-B0C0C7929491}.Debug|Any CPU.Build.0 = Debug|Any CPU
		{18FCE5F7-9AD5-4C41-A29A-B0C0C7929491}.Release|Any CPU.ActiveCfg = Release|Any CPU
		{18FCE5F7-9AD5-4C41-A29A-B0C0C7929491}.Release|Any CPU.Build.0 = Release|Any CPU
	EndGlobalSection
	GlobalSection(SolutionProperties) = preSolution
		HideSolutionNode = FALSE
	EndGlobalSection
	GlobalSection(ExtensibilityGlobals) = postSolution
		SolutionGuid = {1374B169-209F-481B-ADE6-A4F86D106C38}
	EndGlobalSection
EndGlobal
